
Microsoft Visual Studio Solution File, Format Version 12.00
# Visual Studio Version 17
VisualStudioVersion = 17.3.32804.467
MinimumVisualStudioVersion = 10.0.40219.1
Project("{FAE04EC0-301F-11D3-BF4B-00C04F79EFBC}") = "KinopoiskAPITest", "KinopoiskAPITest\KinopoiskAPITest.csproj", "{4742CD21-B5C2-435C-A9EA-7C3CB8FFFA13}"
EndProject
Global
	GlobalSection(SolutionConfigurationPlatforms) = preSolution
		Debug|Any CPU = Debug|Any CPU
		Release|Any CPU = Release|Any CPU
	EndGlobalSection
	GlobalSection(ProjectConfigurationPlatforms) = postSolution
		{4742CD21-B5C2-435C-A9EA-7C3CB8FFFA13}.Debug|Any CPU.ActiveCfg = Debug|Any CPU
		{4742CD21-B5C2-435C-A9EA-7C3CB8FFFA13}.Debug|Any CPU.Build.0 = Debug|Any CPU
		{4742CD21-B5C2-435C-A9EA-7C3CB8FFFA13}.Release|Any CPU.ActiveCfg = Release|Any CPU
		{4742CD21-B5C2-435C-A9EA-7C3CB8FFFA13}.Release|Any CPU.Build.0 = Release|Any CPU
	EndGlobalSection
	GlobalSection(SolutionProperties) = preSolution
		HideSolutionNode = FALSE
	EndGlobalSection
	GlobalSection(ExtensibilityGlobals) = postSolution
		SolutionGuid = {EBD6658C-6EBE-4646-A57E-C11157FDD0E2}
	EndGlobalSection
EndGlobal
